github.com/Azure/azure-sdk-for-go/sdk/azcore v1.6.0 h1:8kDqDngH+DmVBiCtIjCFTGa7MBnsIOkF9IccInFEbjk=
github.com/Azure/azure-sdk-for-go/sdk/azcore v1.6.0/go.mod h1:bjGvMhVMb+EEm3VRNQawDMUyMMjo+S5ewNjflkep/0Q=
github.com/Azure/azure-sdk-for-go/sdk/azidentity v1.3.0 h1:vcYCAze6p19qBW7MhZybIsqD8sMV8js0NyQM8JDnVtg=
github.com/Azure/azure-sdk-for-go/sdk/azidentity v1.3.0/go.mod h1:OQeznEEkTZ9OrhHJoDD8ZDq51FHgXjqtP9z6bEwBq9U=
github.com/Azure/azure-sdk-for-go/sdk/internal v1.3.0 h1:sXr+ck84g/ZlZUOZiNELInmMgOsuGwdjjVkEIde0OtY=
github.com/Azure/azure-sdk-for-go/sdk/internal v1.3.0/go.mod h1:okt5dMMTOFjX/aovMlrjvvXoPMBVSPzk9185BT0+eZM=
github.com/Azure/azure-sdk-for-go/sdk/messaging/azservicebus v1.4.0 h1:MxbPJrYY81a8xnMml4qICSq1z2WusPw3jSfdIMupnYM=
github.com/Azure/azure-sdk-for-go/sdk/messaging/azservicebus v1.4.0/go.mod h1:pXDkeh10bAqElvd+S5Ppncj+DCKvJGXNa8rRT2R7rIw=
github.com/Azure/go-amqp v1.0.0 h1:QfCugi1M+4F2JDTRgVnRw7PYXLXZ9hmqk3+9+oJh3OA=
github.com/Azure/go-amqp v1.0.0/go.mod h1:+bg0x3ce5+Q3ahCEXnCsGG3ETpDQe3MEVnOuT2ywPwc=
github.com/AzureAD/microsoft-authentication-library-for-go v1.0.0 h1:OBhqkivkhkMqLPymWEppkm7vgPQY2XsHoEkaMQ0AdZY=
github.com/davecgh/go-spew v1.1.1 h1:vj9j/u1bqnvCEfJOwUhtlOARqs3+rkHYY13jYWTU97c=
github.com/elastic/elastic-transport-go/v8 v8.0.0-20230329154755-1a3c63de0db6 h1:1+44gxLdKRnR/Bx/iAtr+XqNcE4e0oODa63+FABNANI=
github.com/elastic/elastic-transport-go/v8 v8.0.0-20230329154755-1a3c63de0db6/go.mod h1:87Tcz8IVNe6rVSLdBux1o/PEItLtyabHU3naC7IoqKI=
github.com/elastic/go-elasticsearch/v8 v8.9.0 h1:8xtmYjUkqtahl50E0Bg/wjKI7K63krJrrLipbNj/fCU=
github.com/elastic/go-elasticsearch/v8 v8.9.0/go.mod h1:NGmpvohKiRHXI0Sw4fuUGn6hYOmAXlyCphKpzVBiqDE=
github.com/fortytw2/leaktest v1.3.0 h1:u8491cBMTQ8ft8aeV+adlcytMZylmA5nnwwkRZjI8vw=
github.com/go-sql-driver/mysql v1.7.0/go.mod h1:OXbVy3sEdcQ2Doequ6Z5BW6fXNQTmx+9S1MCJN5yJMI=
github.com/go-sql-driver/mysql v1.7.1 h1:lUIinVbN1DY0xBg0eMOzmmtGoHwWBbvnWubQUrtU8EI=
github.com/go-sql-driver/mysql v1.7.1/go.mod h1:OXbVy3sEdcQ2Doequ6Z5BW6fXNQTmx+9S1MCJN5yJMI=
github.com/golang-jwt/jwt v3.2.1+incompatible h1:73Z+4BJcrTC+KczS6WvTPvRGOp1WmfEP4Q1lOd9Z/+c=
github.com/golang-jwt/jwt/v4 v4.5.0 h1:7cYmW1XlMY7h7ii7UhUyChSgS5wUJEnm9uZVTGqOWzg=
github.com/golang/mock v1.6.0 h1:ErTB+efbowRARo13NNdxyJji2egdxLGQhRaY+DUumQc=
github.com/google/go-cmp v0.5.8 h1:e6P7q2lk1O+qJJb4BtCQXlK8vWEO8V1ZeuEdJNOqZyg=
github.com/google/uuid v1.3.0 h1:t6JiXgmwXMjEs8VusXIJk2BXHsn+wx8BZdTaoZ5fu7I=
github.com/google/uuid v1.3.0/go.mod h1:TIyPZe4MgqvfeYDBFedMoGGpEw/LqOeaOT+nhxU+yHo=
github.com/jinzhu/inflection v1.0.0 h1:K317FqzuhWc8YvSVlFMCCUb36O/S9MCKRDI7QkRKD/E=
github.com/jinzhu/inflection v1.0.0/go.mod h1:h+uFLlag+Qp1Va5pdKtLDYj+kHp5pxUVkryuEj+Srlc=
github.com/jinzhu/now v1.1.5 h1:/o9tlHleP7gOFmsnYNz3RGnqzefHA47wQpKrrdTIwXQ=
github.com/jinzhu/now v1.1.5/go.mod h1:d3SSVoowX0Lcu0IBviAWJpolVfI5UJVZZ7cO71lE/z8=
github.com/joho/godotenv v1.3.0 h1:Zjp+RcGpHhGlrMbJzXTrZZPrWj+1vfm90La1wgB6Bhc=
github.com/klauspost/compress v1.10.3 h1:OP96hzwJVBIHYU52pVTI6CczrxPvrGfgqF9N5eTO0Q8=
github.com/kylelemons/godebug v1.1.0 h1:RPNrshWIDI6G2gRW9EHilWtl7Z6Sb1BR0xunSBf0SNc=
github.com/pkg/browser v0.0.0-20210911075715-681adbf594b8 h1:KoWmjvw+nsYOo29YJK9vDA65RGE3NrOnUtO7a+RF9HU=
github.com/pmezard/go-difflib v1.0.0 h1:4DBwDE0NGyQoBHbLQYPwSUPoCMWR5BEzIk/f1lZbAQM=
github.com/stretchr/testify v1.7.1 h1:5TQK59W5E3v0r2duFAb7P95B6hEeOyEnHRa8MjYSMTY=
golang.org/x/crypto v0.7.0 h1:AvwMYaRytfdeVt3u6mLaxYtErKYjxA2OXjJ1HHq6t3A=
golang.org/x/net v0.8.0 h1:Zrh2ngAOFYneWTAIAPethzeaQLuHwhuBkuV6ZiRnUaQ=
golang.org/x/net v0.8.0/go.mod h1:QVkue5JL9kW//ek3r6jTKnTFis1tRmNAW2P1shuFdJc=
golang.org/x/sys v0.6.0 h1:MVltZSvRTcU2ljQOhs94SXPftV6DCNnZViHeQps87pQ=
golang.org/x/text v0.8.0 h1:57P1ETyNKtuIjB4SRd15iJxuhj8Gc416Y78H3qgMh68=
golang.org/x/text v0.8.0/go.mod h1:e1OnstbJyHTd6l/uOt8jFFHp6TRDWZR/bV3emEE/zU8=
gopkg.in/yaml.v3 v3.0.1 h1:fxVm/GzAzEWqLHuvctI91KS9hhNmmWOoWu0XTYJS7CA=
gorm.io/driver/mysql v1.5.1 h1:WUEH5VF9obL/lTtzjmML/5e6VfFR/788coz2uaVCAZw=
gorm.io/driver/mysql v1.5.1/go.mod h1:Jo3Xu7mMhCyj8dlrb3WoCaRd1FhsVh+yMXb1jUInf5o=
gorm.io/gorm v1.25.1 h1:nsSALe5Pr+cM3V1qwwQ7rOkw+6UeLrX5O4v3llhHa64=
gorm.io/gorm v1.25.1/go.mod h1:L4uxeKpfBml98NYqVqwAdmV1a2nBtAec/cf3fpucW/k=
nhooyr.io/websocket v1.8.7 h1:usjR2uOr/zjjkVMy0lW+PPohFok7PCow5sDjLgX4P4g=
